
Microsoft Visual Studio Solution File, Format Version 12.00
# Visual Studio Version 17
VisualStudioVersion = 17.9.34701.34
MinimumVisualStudioVersion = 10.0.40219.1
Project("{888888A0-9F3D-457C-B088-3A5042F75D52}") = "ShallowANN", "ShallowANN\ShallowANN.pyproj", "{F2C71A63-B906-4FC8-9646-912F53395592}"
EndProject
Global
	GlobalSection(SolutionConfigurationPlatforms) = preSolution
		Debug|Any CPU = Debug|Any CPU
		Release|Any CPU = Release|Any CPU
	EndGlobalSection
	GlobalSection(ProjectConfigurationPlatforms) = postSolution
		{F2C71A63-B906-4FC8-9646-912F53395592}.Debug|Any CPU.ActiveCfg = Debug|Any CPU
		{F2C71A63-B906-4FC8-9646-912F53395592}.Release|Any CPU.ActiveCfg = Release|Any CPU
	EndGlobalSection
	GlobalSection(SolutionProperties) = preSolution
		HideSolutionNode = FALSE
	EndGlobalSection
	GlobalSection(ExtensibilityGlobals) = postSolution
		SolutionGuid = {CFC6995A-7E65-45CD-A050-A27D34CC4CDC}
	EndGlobalSection
EndGlobal
